
Microsoft Visual Studio Solution File, Format Version 12.00
# Visual Studio Version 16
VisualStudioVersion = 16.0.31613.86
MinimumVisualStudioVersion = 10.0.40219.1
Project("{9A19103F-16F7-4668-BE54-9A1E7A4F7556}") = "Common", "Common\Common.csproj", "{F07FBA69-6319-45AF-8FFE-B8723DE20FCF}"
EndProject
Project("{9A19103F-16F7-4668-BE54-9A1E7A4F7556}") = "Entities", "Entities\Entities.csproj", "{A849AB26-38A6-4F40-9F68-139010643A2D}"
EndProject
Project("{9A19103F-16F7-4668-BE54-9A1E7A4F7556}") = "BRL", "BRL\BRL.csproj", "{310DF732-E188-4B4F-9D90-249A5B649E58}"
EndProject
Project("{9A19103F-16F7-4668-BE54-9A1E7A4F7556}") = "DAL", "DAL\DAL.csproj", "{1CA31AB0-66EC-45F7-A8AD-DA34B15E5BCC}"
EndProject
Project("{9A19103F-16F7-4668-BE54-9A1E7A4F7556}") = "UI", "UI\UI.csproj", "{334C218D-2E25-4336-BA53-84BDBAC87EDB}"
EndProject
Project("{2150E333-8FDC-42A3-9474-1A3956D46DE8}") = "Business Layer", "Business Layer", "{41BB81DC-224F-4BEA-8B4D-55D9D758A20C}"
EndProject
Project("{2150E333-8FDC-42A3-9474-1A3956D46DE8}") = "Data Layer", "Data Layer", "{301B8C3B-0217-4497-B4D1-1B2646FDC36E}"
EndProject
Project("{00D1A9C2-B5F0-4AF3-8072-F6C62B433612}") = "DataBase", "DataBase\DataBase.sqlproj", "{3C568009-26E1-4959-B96A-232A51F8A9AB}"
EndProject
Project("{2150E333-8FDC-42A3-9474-1A3956D46DE8}") = "GUI", "GUI", "{C7BA2AA1-294F-4061-A63C-05A99022EA06}"
EndProject
Global
	GlobalSection(SolutionConfigurationPlatforms) = preSolution
		Debug|Any CPU = Debug|Any CPU
		Debug|x64 = Debug|x64
		Release|Any CPU = Release|Any CPU
		Release|x64 = Release|x64
	EndGlobalSection
	GlobalSection(ProjectConfigurationPlatforms) = postSolution
		{F07FBA69-6319-45AF-8FFE-B8723DE20FCF}.Debug|Any CPU.ActiveCfg = Debug|Any CPU
		{F07FBA69-6319-45AF-8FFE-B8723DE20FCF}.Debug|Any CPU.Build.0 = Debug|Any CPU
		{F07FBA69-6319-45AF-8FFE-B8723DE20FCF}.Debug|x64.ActiveCfg = Debug|Any CPU
		{F07FBA69-6319-45AF-8FFE-B8723DE20FCF}.Debug|x64.Build.0 = Debug|Any CPU
		{F07FBA69-6319-45AF-8FFE-B8723DE20FCF}.Release|Any CPU.ActiveCfg = Release|Any CPU
		{F07FBA69-6319-45AF-8FFE-B8723DE20FCF}.Release|Any CPU.Build.0 = Release|Any CPU
		{F07FBA69-6319-45AF-8FFE-B8723DE20FCF}.Release|x64.ActiveCfg = Release|Any CPU
		{F07FBA69-6319-45AF-8FFE-B8723DE20FCF}.Release|x64.Build.0 = Release|Any CPU
		{A849AB26-38A6-4F40-9F68-139010643A2D}.Debug|Any CPU.ActiveCfg = Debug|Any CPU
		{A849AB26-38A6-4F40-9F68-139010643A2D}.Debug|Any CPU.Build.0 = Debug|Any CPU
		{A849AB26-38A6-4F40-9F68-139010643A2D}.Debug|x64.ActiveCfg = Debug|Any CPU
		{A849AB26-38A6-4F40-9F68-139010643A2D}.Debug|x64.Build.0 = Debug|Any CPU
		{A849AB26-38A6-4F40-9F68-139010643A2D}.Release|Any CPU.ActiveCfg = Release|Any CPU
		{A849AB26-38A6-4F40-9F68-139010643A2D}.Release|Any CPU.Build.0 = Release|Any CPU
		{A849AB26-38A6-4F40-9F68-139010643A2D}.Release|x64.ActiveCfg = Release|Any CPU
		{A849AB26-38A6-4F40-9F68-139010643A2D}.Release|x64.Build.0 = Release|Any CPU
		{310DF732-E188-4B4F-9D90-249A5B649E58}.Debug|Any CPU.ActiveCfg = Debug|Any CPU
		{310DF732-E188-4B4F-9D90-249A5B649E58}.Debug|Any CPU.Build.0 = Debug|Any CPU
		{310DF732-E188-4B4F-9D90-249A5B649E58}.Debug|x64.ActiveCfg = Debug|Any CPU
		{310DF732-E188-4B4F-9D90-249A5B649E58}.Debug|x64.Build.0 = Debug|Any CPU
		{310DF732-E188-4B4F-9D90-249A5B649E58}.Release|Any CPU.ActiveCfg = Release|Any CPU
		{310DF732-E188-4B4F-9D90-249A5B649E58}.Release|Any CPU.Build.0 = Release|Any CPU
		{310DF732-E188-4B4F-9D90-249A5B649E58}.Release|x64.ActiveCfg = Release|Any CPU
		{310DF732-E188-4B4F-9D90-249A5B649E58}.Release|x64.Build.0 = Release|Any CPU
		{1CA31AB0-66EC-45F7-A8AD-DA34B15E5BCC}.Debug|Any CPU.ActiveCfg = Debug|Any CPU
		{1CA31AB0-66EC-45F7-A8AD-DA34B15E5BCC}.Debug|Any CPU.Build.0 = Debug|Any CPU
		{1CA31AB0-66EC-45F7-A8AD-DA34B15E5BCC}.Debug|x64.ActiveCfg = Debug|Any CPU
		{1CA31AB0-66EC-45F7-A8AD-DA34B15E5BCC}.Debug|x64.Build.0 = Debug|Any CPU
		{1CA31AB0-66EC-45F7-A8AD-DA34B15E5BCC}.Release|Any CPU.ActiveCfg = Release|Any CPU
		{1CA31AB0-66EC-45F7-A8AD-DA34B15E5BCC}.Release|Any CPU.Build.0 = Release|Any CPU
		{1CA31AB0-66EC-45F7-A8AD-DA34B15E5BCC}.Release|x64.ActiveCfg = Release|Any CPU
		{1CA31AB0-66EC-45F7-A8AD-DA34B15E5BCC}.Release|x64.Build.0 = Release|Any CPU
		{334C218D-2E25-4336-BA53-84BDBAC87EDB}.Debug|Any CPU.ActiveCfg = Debug|Any CPU
		{334C218D-2E25-4336-BA53-84BDBAC87EDB}.Debug|Any CPU.Build.0 = Debug|Any CPU
		{334C218D-2E25-4336-BA53-84BDBAC87EDB}.Debug|x64.ActiveCfg = Debug|x64
		{334C218D-2E25-4336-BA53-84BDBAC87EDB}.Debug|x64.Build.0 = Debug|x64
		{334C218D-2E25-4336-BA53-84BDBAC87EDB}.Release|Any CPU.ActiveCfg = Release|Any CPU
		{334C218D-2E25-4336-BA53-84BDBAC87EDB}.Release|Any CPU.Build.0 = Release|Any CPU
		{334C218D-2E25-4336-BA53-84BDBAC87EDB}.Release|x64.ActiveCfg = Release|x64
		{334C218D-2E25-4336-BA53-84BDBAC87EDB}.Release|x64.Build.0 = Release|x64
		{3C568009-26E1-4959-B96A-232A51F8A9AB}.Debug|Any CPU.ActiveCfg = Debug|Any CPU
		{3C568009-26E1-4959-B96A-232A51F8A9AB}.Debug|Any CPU.Build.0 = Debug|Any CPU
		{3C568009-26E1-4959-B96A-232A51F8A9AB}.Debug|Any CPU.Deploy.0 = Debug|Any CPU
		{3C568009-26E1-4959-B96A-232A51F8A9AB}.Debug|x64.ActiveCfg = Debug|Any CPU
		{3C568009-26E1-4959-B96A-232A51F8A9AB}.Debug|x64.Build.0 = Debug|Any CPU
		{3C568009-26E1-4959-B96A-232A51F8A9AB}.Debug|x64.Deploy.0 = Debug|Any CPU
		{3C568009-26E1-4959-B96A-232A51F8A9AB}.Release|Any CPU.ActiveCfg = Release|Any CPU
		{3C568009-26E1-4959-B96A-232A51F8A9AB}.Release|Any CPU.Build.0 = Release|Any CPU
		{3C568009-26E1-4959-B96A-232A51F8A9AB}.Release|Any CPU.Deploy.0 = Release|Any CPU
		{3C568009-26E1-4959-B96A-232A51F8A9AB}.Release|x64.ActiveCfg = Release|Any CPU
		{3C568009-26E1-4959-B96A-232A51F8A9AB}.Release|x64.Build.0 = Release|Any CPU
		{3C568009-26E1-4959-B96A-232A51F8A9AB}.Release|x64.Deploy.0 = Release|Any CPU
	EndGlobalSection
	GlobalSection(SolutionProperties) = preSolution
		HideSolutionNode = FALSE
	EndGlobalSection
	GlobalSection(NestedProjects) = preSolution
		{310DF732-E188-4B4F-9D90-249A5B649E58} = {41BB81DC-224F-4BEA-8B4D-55D9D758A20C}
		{1CA31AB0-66EC-45F7-A8AD-DA34B15E5BCC} = {301B8C3B-0217-4497-B4D1-1B2646FDC36E}
		{334C218D-2E25-4336-BA53-84BDBAC87EDB} = {C7BA2AA1-294F-4061-A63C-05A99022EA06}
		{3C568009-26E1-4959-B96A-232A51F8A9AB} = {301B8C3B-0217-4497-B4D1-1B2646FDC36E}
	EndGlobalSection
	GlobalSection(ExtensibilityGlobals) = postSolution
		SolutionGuid = {45BC9B78-4905-484B-9394-9765E30DA09A}
	EndGlobalSection
EndGlobal
